
Microsoft Visual Studio Solution File, Format Version 12.00
# Visual Studio Version 17
VisualStudioVersion = 17.11.35222.181
MinimumVisualStudioVersion = 10.0.40219.1
Project("{9A19103F-16F7-4668-BE54-9A1E7A4F7556}") = "BlazorApp1FrontEndSIGA", "BlazorApp1FrontEndSIGA.csproj", "{ED38BCCB-C35E-4A69-BDC8-CFCCF6B6A16E}"
EndProject
Global
	GlobalSection(SolutionConfigurationPlatforms) = preSolution
		Debug|Any CPU = Debug|Any CPU
		Release|Any CPU = Release|Any CPU
	EndGlobalSection
	GlobalSection(ProjectConfigurationPlatforms) = postSolution
		{ED38BCCB-C35E-4A69-BDC8-CFCCF6B6A16E}.Debug|Any CPU.ActiveCfg = Debug|Any CPU
		{ED38BCCB-C35E-4A69-BDC8-CFCCF6B6A16E}.Debug|Any CPU.Build.0 = Debug|Any CPU
		{ED38BCCB-C35E-4A69-BDC8-CFCCF6B6A16E}.Release|Any CPU.ActiveCfg = Release|Any CPU
		{ED38BCCB-C35E-4A69-BDC8-CFCCF6B6A16E}.Release|Any CPU.Build.0 = Release|Any CPU
	EndGlobalSection
	GlobalSection(SolutionProperties) = preSolution
		HideSolutionNode = FALSE
	EndGlobalSection
	GlobalSection(ExtensibilityGlobals) = postSolution
		SolutionGuid = {430F0CFB-4DD5-40C2-9645-65BD30E55AE3}
	EndGlobalSection
EndGlobal
